
Microsoft Visual Studio Solution File, Format Version 12.00
# Visual Studio Version 16
VisualStudioVersion = 16.0.31702.278
MinimumVisualStudioVersion = 10.0.40219.1
Project("{9A19103F-16F7-4668-BE54-9A1E7A4F7556}") = "CustomerTeller.WebAPIApp", "CustomerTeller.WebAPIApp\CustomerTeller.WebAPIApp.csproj", "{8CFB29BE-1F17-4494-AE06-8AC54E439665}"
EndProject
Project("{9A19103F-16F7-4668-BE54-9A1E7A4F7556}") = "CustomerTeller.WebAPIApp.Business", "CustomerTeller.WebAPIApp.Business\CustomerTeller.WebAPIApp.Business.csproj", "{A71365AC-E13B-4ED9-85B7-60CAF503046B}"
EndProject
Project("{9A19103F-16F7-4668-BE54-9A1E7A4F7556}") = "CustomerTeller.WebAPIApp.Core", "CustomerTeller.WebAPIApp.Core\CustomerTeller.WebAPIApp.Core.csproj", "{AF916B3E-49CC-4ADF-9BB4-E120C9671C71}"
EndProject
Project("{9A19103F-16F7-4668-BE54-9A1E7A4F7556}") = "CustomerTeller.WebAPIApp.Data", "CustomerTeller.WebAPIApp.Data\CustomerTeller.WebAPIApp.Data.csproj", "{0D6FE0F6-E1A2-4E10-9427-39FA5650D736}"
EndProject
Project("{9A19103F-16F7-4668-BE54-9A1E7A4F7556}") = "CustomerTeller.WebAPIApp.Model", "CustomerTeller.WebAPIApp.Model\CustomerTeller.WebAPIApp.Model.csproj", "{BDACBA37-6B7F-4CDD-B840-A3AB29E36A43}"
EndProject
Project("{9A19103F-16F7-4668-BE54-9A1E7A4F7556}") = "CustomerTeller.WebAPIApp.Repository", "CustomerTeller.WebAPIApp.Repository\CustomerTeller.WebAPIApp.Repository.csproj", "{EE31CA4E-83C0-46E2-AC81-C4424CEED74C}"
EndProject
Global
	GlobalSection(SolutionConfigurationPlatforms) = preSolution
		Debug|Any CPU = Debug|Any CPU
		Release|Any CPU = Release|Any CPU
	EndGlobalSection
	GlobalSection(ProjectConfigurationPlatforms) = postSolution
		{8CFB29BE-1F17-4494-AE06-8AC54E439665}.Debug|Any CPU.ActiveCfg = Debug|Any CPU
		{8CFB29BE-1F17-4494-AE06-8AC54E439665}.Debug|Any CPU.Build.0 = Debug|Any CPU
		{8CFB29BE-1F17-4494-AE06-8AC54E439665}.Release|Any CPU.ActiveCfg = Release|Any CPU
		{8CFB29BE-1F17-4494-AE06-8AC54E439665}.Release|Any CPU.Build.0 = Release|Any CPU
		{A71365AC-E13B-4ED9-85B7-60CAF503046B}.Debug|Any CPU.ActiveCfg = Debug|Any CPU
		{A71365AC-E13B-4ED9-85B7-60CAF503046B}.Debug|Any CPU.Build.0 = Debug|Any CPU
		{A71365AC-E13B-4ED9-85B7-60CAF503046B}.Release|Any CPU.ActiveCfg = Release|Any CPU
		{A71365AC-E13B-4ED9-85B7-60CAF503046B}.Release|Any CPU.Build.0 = Release|Any CPU
		{AF916B3E-49CC-4ADF-9BB4-E120C9671C71}.Debug|Any CPU.ActiveCfg = Debug|Any CPU
		{AF916B3E-49CC-4ADF-9BB4-E120C9671C71}.Debug|Any CPU.Build.0 = Debug|Any CPU
		{AF916B3E-49CC-4ADF-9BB4-E120C9671C71}.Release|Any CPU.ActiveCfg = Release|Any CPU
		{AF916B3E-49CC-4ADF-9BB4-E120C9671C71}.Release|Any CPU.Build.0 = Release|Any CPU
		{0D6FE0F6-E1A2-4E10-9427-39FA5650D736}.Debug|Any CPU.ActiveCfg = Debug|Any CPU
		{0D6FE0F6-E1A2-4E10-9427-39FA5650D736}.Debug|Any CPU.Build.0 = Debug|Any CPU
		{0D6FE0F6-E1A2-4E10-9427-39FA5650D736}.Release|Any CPU.ActiveCfg = Release|Any CPU
		{0D6FE0F6-E1A2-4E10-9427-39FA5650D736}.Release|Any CPU.Build.0 = Release|Any CPU
		{BDACBA37-6B7F-4CDD-B840-A3AB29E36A43}.Debug|Any CPU.ActiveCfg = Debug|Any CPU
		{BDACBA37-6B7F-4CDD-B840-A3AB29E36A43}.Debug|Any CPU.Build.0 = Debug|Any CPU
		{BDACBA37-6B7F-4CDD-B840-A3AB29E36A43}.Release|Any CPU.ActiveCfg = Release|Any CPU
		{BDACBA37-6B7F-4CDD-B840-A3AB29E36A43}.Release|Any CPU.Build.0 = Release|Any CPU
		{EE31CA4E-83C0-46E2-AC81-C4424CEED74C}.Debug|Any CPU.ActiveCfg = Debug|Any CPU
		{EE31CA4E-83C0-46E2-AC81-C4424CEED74C}.Debug|Any CPU.Build.0 = Debug|Any CPU
		{EE31CA4E-83C0-46E2-AC81-C4424CEED74C}.Release|Any CPU.ActiveCfg = Release|Any CPU
		{EE31CA4E-83C0-46E2-AC81-C4424CEED74C}.Release|Any CPU.Build.0 = Release|Any CPU
	EndGlobalSection
	GlobalSection(SolutionProperties) = preSolution
		HideSolutionNode = FALSE
	EndGlobalSection
	GlobalSection(ExtensibilityGlobals) = postSolution
		SolutionGuid = {383C457A-F138-45AB-8EEB-2F512485AA79}
	EndGlobalSection
EndGlobal
